
Microsoft Visual Studio Solution File, Format Version 12.00
# Visual Studio 15
VisualStudioVersion = 15.0.27130.2010
MinimumVisualStudioVersion = 10.0.40219.1
Project("{FAE04EC0-301F-11D3-BF4B-00C04F79EFBC}") = "LeagueSharp", "LeagueSharp\LeagueSharp.csproj", "{8456C8E7-19B5-495A-BB2C-7CBBF9829AEE}"
EndProject
Global
	GlobalSection(SolutionConfigurationPlatforms) = preSolution
		Debug|Any CPU = Debug|Any CPU
		Release|Any CPU = Release|Any CPU
	EndGlobalSection
	GlobalSection(ProjectConfigurationPlatforms) = postSolution
		{8456C8E7-19B5-495A-BB2C-7CBBF9829AEE}.Debug|Any CPU.ActiveCfg = Debug|Any CPU
		{8456C8E7-19B5-495A-BB2C-7CBBF9829AEE}.Debug|Any CPU.Build.0 = Debug|Any CPU
		{8456C8E7-19B5-495A-BB2C-7CBBF9829AEE}.Release|Any CPU.ActiveCfg = Release|Any CPU
		{8456C8E7-19B5-495A-BB2C-7CBBF9829AEE}.Release|Any CPU.Build.0 = Release|Any CPU
	EndGlobalSection
	GlobalSection(SolutionProperties) = preSolution
		HideSolutionNode = FALSE
	EndGlobalSection
	GlobalSection(ExtensibilityGlobals) = postSolution
		SolutionGuid = {A79D03B6-3391-4CCB-97D3-90D06A73F5E2}
	EndGlobalSection
EndGlobal
